
Microsoft Visual Studio Solution File, Format Version 12.00
# Visual Studio 2013
VisualStudioVersion = 12.0.0.0
MinimumVisualStudioVersion = 10.0.0.1
Project("{FAE04EC0-301F-11D3-BF4B-00C04F79EFBC}") = "Student", "Student/Student.csproj", "{E55527BB-058B-4624-BA88-DF60D2A6B89A}"
EndProject
Project("{FAE04EC0-301F-11D3-BF4B-00C04F79EFBC}") = "Task2", "Task2\Task2.csproj", "{5EF47441-5C91-4BDC-9501-8FCE05445D55}"
EndProject
Project("{FAE04EC0-301F-11D3-BF4B-00C04F79EFBC}") = "GenericListImpl", "GenericListImpl\GenericListImpl.csproj", "{AACE09FF-584A-4A17-8CC4-6422E280EA82}"
EndProject
Project("{FAE04EC0-301F-11D3-BF4B-00C04F79EFBC}") = "Task3", "Task3\Task3.csproj", "{2AF580AE-D151-44A1-82E9-600389FCA67D}"
EndProject
Project("{FAE04EC0-301F-11D3-BF4B-00C04F79EFBC}") = "Task4", "Task4\Task4.csproj", "{DE6B2F17-DBCD-41AB-9AF0-3F50C1AD4452}"
EndProject
Project("{FAE04EC0-301F-11D3-BF4B-00C04F79EFBC}") = "Task5", "Task5\Task5.csproj", "{D8D1FDE5-BE9E-490D-9614-0C646C80F534}"
EndProject
Project("{FAE04EC0-301F-11D3-BF4B-00C04F79EFBC}") = "Task6", "Task6\Task6.csproj", "{5086F28E-8C29-4820-9328-B4EC6E72A0AD}"
EndProject
Project("{FAE04EC0-301F-11D3-BF4B-00C04F79EFBC}") = "Task7", "Task7\Task7.csproj", "{A8F71D35-F314-4E5A-8386-9312CA09C45A}"
EndProject
Global
	GlobalSection(SolutionConfigurationPlatforms) = preSolution
		Debug|Any CPU = Debug|Any CPU
		Release|Any CPU = Release|Any CPU
	EndGlobalSection
	GlobalSection(ProjectConfigurationPlatforms) = postSolution
		{E55527BB-058B-4624-BA88-DF60D2A6B89A}.Debug|Any CPU.ActiveCfg = Debug|Any CPU
		{E55527BB-058B-4624-BA88-DF60D2A6B89A}.Debug|Any CPU.Build.0 = Debug|Any CPU
		{E55527BB-058B-4624-BA88-DF60D2A6B89A}.Release|Any CPU.ActiveCfg = Release|Any CPU
		{E55527BB-058B-4624-BA88-DF60D2A6B89A}.Release|Any CPU.Build.0 = Release|Any CPU
		{5EF47441-5C91-4BDC-9501-8FCE05445D55}.Debug|Any CPU.ActiveCfg = Debug|Any CPU
		{5EF47441-5C91-4BDC-9501-8FCE05445D55}.Debug|Any CPU.Build.0 = Debug|Any CPU
		{5EF47441-5C91-4BDC-9501-8FCE05445D55}.Release|Any CPU.ActiveCfg = Release|Any CPU
		{5EF47441-5C91-4BDC-9501-8FCE05445D55}.Release|Any CPU.Build.0 = Release|Any CPU
		{AACE09FF-584A-4A17-8CC4-6422E280EA82}.Debug|Any CPU.ActiveCfg = Debug|Any CPU
		{AACE09FF-584A-4A17-8CC4-6422E280EA82}.Debug|Any CPU.Build.0 = Debug|Any CPU
		{AACE09FF-584A-4A17-8CC4-6422E280EA82}.Release|Any CPU.ActiveCfg = Release|Any CPU
		{AACE09FF-584A-4A17-8CC4-6422E280EA82}.Release|Any CPU.Build.0 = Release|Any CPU
		{2AF580AE-D151-44A1-82E9-600389FCA67D}.Debug|Any CPU.ActiveCfg = Debug|Any CPU
		{2AF580AE-D151-44A1-82E9-600389FCA67D}.Debug|Any CPU.Build.0 = Debug|Any CPU
		{2AF580AE-D151-44A1-82E9-600389FCA67D}.Release|Any CPU.ActiveCfg = Release|Any CPU
		{2AF580AE-D151-44A1-82E9-600389FCA67D}.Release|Any CPU.Build.0 = Release|Any CPU
		{DE6B2F17-DBCD-41AB-9AF0-3F50C1AD4452}.Debug|Any CPU.ActiveCfg = Debug|Any CPU
		{DE6B2F17-DBCD-41AB-9AF0-3F50C1AD4452}.Debug|Any CPU.Build.0 = Debug|Any CPU
		{DE6B2F17-DBCD-41AB-9AF0-3F50C1AD4452}.Release|Any CPU.ActiveCfg = Release|Any CPU
		{DE6B2F17-DBCD-41AB-9AF0-3F50C1AD4452}.Release|Any CPU.Build.0 = Release|Any CPU
		{D8D1FDE5-BE9E-490D-9614-0C646C80F534}.Debug|Any CPU.ActiveCfg = Debug|Any CPU
		{D8D1FDE5-BE9E-490D-9614-0C646C80F534}.Debug|Any CPU.Build.0 = Debug|Any CPU
		{D8D1FDE5-BE9E-490D-9614-0C646C80F534}.Release|Any CPU.ActiveCfg = Release|Any CPU
		{D8D1FDE5-BE9E-490D-9614-0C646C80F534}.Release|Any CPU.Build.0 = Release|Any CPU
		{5086F28E-8C29-4820-9328-B4EC6E72A0AD}.Debug|Any CPU.ActiveCfg = Debug|Any CPU
		{5086F28E-8C29-4820-9328-B4EC6E72A0AD}.Debug|Any CPU.Build.0 = Debug|Any CPU
		{5086F28E-8C29-4820-9328-B4EC6E72A0AD}.Release|Any CPU.ActiveCfg = Release|Any CPU
		{5086F28E-8C29-4820-9328-B4EC6E72A0AD}.Release|Any CPU.Build.0 = Release|Any CPU
		{A8F71D35-F314-4E5A-8386-9312CA09C45A}.Debug|Any CPU.ActiveCfg = Debug|Any CPU
		{A8F71D35-F314-4E5A-8386-9312CA09C45A}.Debug|Any CPU.Build.0 = Debug|Any CPU
		{A8F71D35-F314-4E5A-8386-9312CA09C45A}.Release|Any CPU.ActiveCfg = Release|Any CPU
		{A8F71D35-F314-4E5A-8386-9312CA09C45A}.Release|Any CPU.Build.0 = Release|Any CPU
	EndGlobalSection
	GlobalSection(SolutionProperties) = preSolution
		HideSolutionNode = FALSE
	EndGlobalSection
EndGlobal
